{
  "lockfileVersion": 1,
  "configVersion": 1,
  "workspaces": {
    "": {
      "name": "osrs-wrapper",
      "devDependencies": {
        "@devoxa/prettier-config": "^2.0.3",
        "@tsconfig/node22": "^22.0.5",
        "@types/node": "^22.18.0",
        "bun-types": "^1.3.3",
        "prettier": "^3.6.2",
        "typescript": "^5.9.3",
      },
    },
  },
  "packages": {
    "@devoxa/prettier-config": ["@devoxa/prettier-config@2.0.3", "", { "dependencies": { "prettier-plugin-organize-imports": "3.2.4" }, "peerDependencies": { "prettier": ">=2.4", "typescript": ">=2.9" } }, "sha512-g1ajCzaL70dW/RlWTtWRxslOrLh5Gir2orsdqzN1HjJFQhJ1AmoBn7lQgepiDfvAdjG+fMMfLuPm2TUzEvO4cg=="],

    "@tsconfig/node22": ["@tsconfig/node22@22.0.5", "", {}, "sha512-hLf2ld+sYN/BtOJjHUWOk568dvjFQkHnLNa6zce25GIH+vxKfvTgm3qpaH6ToF5tu/NN0IH66s+Bb5wElHrLcw=="],

    "@types/node": ["@types/node@22.19.1", "", { "dependencies": { "undici-types": "~6.21.0" } }, "sha512-LCCV0HdSZZZb34qifBsyWlUmok6W7ouER+oQIGBScS8EsZsQbrtFTUrDX4hOl+CS6p7cnNC4td+qrSVGSCTUfQ=="],

    "bun-types": ["bun-types@1.3.3", "", { "dependencies": { "@types/node": "*" } }, "sha512-z3Xwlg7j2l9JY27x5Qn3Wlyos8YAp0kKRlrePAOjgjMGS5IG6E7Jnlx736vH9UVI4wUICwwhC9anYL++XeOgTQ=="],

    "prettier": ["prettier@3.6.2", "", { "bin": { "prettier": "bin/prettier.cjs" } }, "sha512-I7AIg5boAr5R0FFtJ6rCfD+LFsWHp81dolrFD8S79U9tb8Az2nGrJncnMSnys+bpQJfRUzqs9hnA81OAA3hCuQ=="],

    "prettier-plugin-organize-imports": ["prettier-plugin-organize-imports@3.2.4", "", { "peerDependencies": { "@volar/vue-language-plugin-pug": "^1.0.4", "@volar/vue-typescript": "^1.0.4", "prettier": ">=2.0", "typescript": ">=2.9" }, "optionalPeers": ["@volar/vue-language-plugin-pug", "@volar/vue-typescript"] }, "sha512-6m8WBhIp0dfwu0SkgfOxJqh+HpdyfqSSLfKKRZSFbDuEQXDDndb8fTpRWkUrX/uBenkex3MgnVk0J3b3Y5byog=="],

    "typescript": ["typescript@5.9.3", "", { "bin": { "tsc": "bin/tsc", "tsserver": "bin/tsserver" } }, "sha512-jl1vZzPDinLr9eUt3J/t7V6FgNEw9QjvBPdysz9KfQDD41fQrC2Y4vKQdiaUpFT4bXlb1RHhLpp8wtm6M5TgSw=="],

    "undici-types": ["undici-types@6.21.0", "", {}, "sha512-iwDZqg0QAGrg9Rav5H4n0M64c3mkR59cJ6wQp+7C4nI0gsmExaedaYLNO44eT4AtBBwjbTiGPMlt2Md0T9H9JQ=="],
  }
}
