{
  "lockfileVersion": 1,
  "workspaces": {
    "": {
      "name": "osrs-wrapper",
      "devDependencies": {
        "@devoxa/prettier-config": "^2.0.3",
        "@tsconfig/node22": "^22.0.0",
        "@types/node": "^22.13.10",
        "bun-types": "^1.2.5",
        "prettier": "^3.5.3",
        "typescript": "^5.8.2",
      },
    },
  },
  "packages": {
    "@devoxa/prettier-config": ["@devoxa/prettier-config@2.0.3", "", { "dependencies": { "prettier-plugin-organize-imports": "3.2.4" }, "peerDependencies": { "prettier": ">=2.4", "typescript": ">=2.9" } }, "sha512-g1ajCzaL70dW/RlWTtWRxslOrLh5Gir2orsdqzN1HjJFQhJ1AmoBn7lQgepiDfvAdjG+fMMfLuPm2TUzEvO4cg=="],

    "@tsconfig/node22": ["@tsconfig/node22@22.0.0", "", {}, "sha512-twLQ77zevtxobBOD4ToAtVmuYrpeYUh3qh+TEp+08IWhpsrIflVHqQ1F1CiPxQGL7doCdBIOOCF+1Tm833faNg=="],

    "@types/node": ["@types/node@22.13.10", "", { "dependencies": { "undici-types": "~6.20.0" } }, "sha512-I6LPUvlRH+O6VRUqYOcMudhaIdUVWfsjnZavnsraHvpBwaEyMN29ry+0UVJhImYL16xsscu0aske3yA+uPOWfw=="],

    "@types/ws": ["@types/ws@8.5.14", "", { "dependencies": { "@types/node": "*" } }, "sha512-bd/YFLW+URhBzMXurx7lWByOu+xzU9+kb3RboOteXYDfW+tr+JZa99OyNmPINEGB/ahzKrEuc8rcv4gnpJmxTw=="],

    "bun-types": ["bun-types@1.2.5", "", { "dependencies": { "@types/node": "*", "@types/ws": "~8.5.10" } }, "sha512-3oO6LVGGRRKI4kHINx5PIdIgnLRb7l/SprhzqXapmoYkFl5m4j6EvALvbDVuuBFaamB46Ap6HCUxIXNLCGy+tg=="],

    "prettier": ["prettier@3.5.3", "", { "bin": { "prettier": "bin/prettier.cjs" } }, "sha512-QQtaxnoDJeAkDvDKWCLiwIXkTgRhwYDEQCghU9Z6q03iyek/rxRh/2lC3HB7P8sWT2xC/y5JDctPLBIGzHKbhw=="],

    "prettier-plugin-organize-imports": ["prettier-plugin-organize-imports@3.2.4", "", { "peerDependencies": { "@volar/vue-language-plugin-pug": "^1.0.4", "@volar/vue-typescript": "^1.0.4", "prettier": ">=2.0", "typescript": ">=2.9" }, "optionalPeers": ["@volar/vue-language-plugin-pug", "@volar/vue-typescript"] }, "sha512-6m8WBhIp0dfwu0SkgfOxJqh+HpdyfqSSLfKKRZSFbDuEQXDDndb8fTpRWkUrX/uBenkex3MgnVk0J3b3Y5byog=="],

    "typescript": ["typescript@5.8.2", "", { "bin": { "tsc": "bin/tsc", "tsserver": "bin/tsserver" } }, "sha512-aJn6wq13/afZp/jT9QZmwEjDqqvSGp1VT5GVg+f/t6/oVyrgXM6BY1h9BRh/O5p3PlUPAe+WuiEZOmb/49RqoQ=="],

    "undici-types": ["undici-types@6.20.0", "", {}, "sha512-Ny6QZ2Nju20vw1SRHe3d9jVu6gJ+4e3+MMpqu7pqE5HT6WsTSlce++GQmK5UXS8mzV8DSYHrQH+Xrf2jVcuKNg=="],

    "@types/ws/@types/node": ["@types/node@20.17.24", "", { "dependencies": { "undici-types": "~6.19.2" } }, "sha512-d7fGCyB96w9BnWQrOsJtpyiSaBcAYYr75bnK6ZRjDbql2cGLj/3GsL5OYmLPNq76l7Gf2q4Rv9J2o6h5CrD9sA=="],

    "bun-types/@types/node": ["@types/node@20.17.24", "", { "dependencies": { "undici-types": "~6.19.2" } }, "sha512-d7fGCyB96w9BnWQrOsJtpyiSaBcAYYr75bnK6ZRjDbql2cGLj/3GsL5OYmLPNq76l7Gf2q4Rv9J2o6h5CrD9sA=="],

    "@types/ws/@types/node/undici-types": ["undici-types@6.19.8", "", {}, "sha512-ve2KP6f/JnbPBFyobGHuerC9g1FYGn/F8n1LWTwNxCEzd6IfqTwUQcNXgEtmmQ6DlRrC1hrSrBnCZPokRrDHjw=="],

    "bun-types/@types/node/undici-types": ["undici-types@6.19.8", "", {}, "sha512-ve2KP6f/JnbPBFyobGHuerC9g1FYGn/F8n1LWTwNxCEzd6IfqTwUQcNXgEtmmQ6DlRrC1hrSrBnCZPokRrDHjw=="],
  }
}
